
Microsoft Visual Studio Solution File, Format Version 12.00
# Visual Studio Version 16
VisualStudioVersion = 16.0.29201.188
MinimumVisualStudioVersion = 10.0.40219.1
Project("{FAE04EC0-301F-11D3-BF4B-00C04F79EFBC}") = "Сортировка слиянием", "Сортировка слиянием\Сортировка слиянием.csproj", "{C6675C21-DAC3-4AD9-9B75-B37028663CE4}"
EndProject
Global
	GlobalSection(SolutionConfigurationPlatforms) = preSolution
		Debug|Any CPU = Debug|Any CPU
		Release|Any CPU = Release|Any CPU
	EndGlobalSection
	GlobalSection(ProjectConfigurationPlatforms) = postSolution
		{C6675C21-DAC3-4AD9-9B75-B37028663CE4}.Debug|Any CPU.ActiveCfg = Debug|Any CPU
		{C6675C21-DAC3-4AD9-9B75-B37028663CE4}.Debug|Any CPU.Build.0 = Debug|Any CPU
		{C6675C21-DAC3-4AD9-9B75-B37028663CE4}.Release|Any CPU.ActiveCfg = Release|Any CPU
		{C6675C21-DAC3-4AD9-9B75-B37028663CE4}.Release|Any CPU.Build.0 = Release|Any CPU
	EndGlobalSection
	GlobalSection(SolutionProperties) = preSolution
		HideSolutionNode = FALSE
	EndGlobalSection
	GlobalSection(ExtensibilityGlobals) = postSolution
		SolutionGuid = {A59492B9-4C1D-423D-8CE5-79A6DA79D662}
	EndGlobalSection
EndGlobal
