
Microsoft Visual Studio Solution File, Format Version 12.00
# Visual Studio Version 16
VisualStudioVersion = 16.0.29201.188
MinimumVisualStudioVersion = 10.0.40219.1
Project("{FAE04EC0-301F-11D3-BF4B-00C04F79EFBC}") = "Рекурсивный бинарный поиск", "Рекурсивный бинарный поиск\Рекурсивный бинарный поиск.csproj", "{5EB4F8B9-9BDE-4F0D-A9AD-3A0BB13B744E}"
EndProject
Global
	GlobalSection(SolutionConfigurationPlatforms) = preSolution
		Debug|Any CPU = Debug|Any CPU
		Release|Any CPU = Release|Any CPU
	EndGlobalSection
	GlobalSection(ProjectConfigurationPlatforms) = postSolution
		{5EB4F8B9-9BDE-4F0D-A9AD-3A0BB13B744E}.Debug|Any CPU.ActiveCfg = Debug|Any CPU
		{5EB4F8B9-9BDE-4F0D-A9AD-3A0BB13B744E}.Debug|Any CPU.Build.0 = Debug|Any CPU
		{5EB4F8B9-9BDE-4F0D-A9AD-3A0BB13B744E}.Release|Any CPU.ActiveCfg = Release|Any CPU
		{5EB4F8B9-9BDE-4F0D-A9AD-3A0BB13B744E}.Release|Any CPU.Build.0 = Release|Any CPU
	EndGlobalSection
	GlobalSection(SolutionProperties) = preSolution
		HideSolutionNode = FALSE
	EndGlobalSection
	GlobalSection(ExtensibilityGlobals) = postSolution
		SolutionGuid = {838B2CD0-3AF9-44D6-A114-ADAE7125A650}
	EndGlobalSection
EndGlobal
