
Microsoft Visual Studio Solution File, Format Version 12.00
# Visual Studio Version 16
VisualStudioVersion = 16.0.29025.244
MinimumVisualStudioVersion = 10.0.40219.1
Project("{FAE04EC0-301F-11D3-BF4B-00C04F79EFBC}") = "Исправить рекурсию", "C:\Users\melni\source\repos\Исправить рекурсию\Исправить рекурсию\Исправить рекурсию.csproj", "{352B9EB7-D2CB-409D-9AE9-7640A839AECC}"
EndProject
Global
	GlobalSection(SolutionConfigurationPlatforms) = preSolution
		Debug|Any CPU = Debug|Any CPU
		Release|Any CPU = Release|Any CPU
	EndGlobalSection
	GlobalSection(ProjectConfigurationPlatforms) = postSolution
		{352B9EB7-D2CB-409D-9AE9-7640A839AECC}.Debug|Any CPU.ActiveCfg = Debug|Any CPU
		{352B9EB7-D2CB-409D-9AE9-7640A839AECC}.Debug|Any CPU.Build.0 = Debug|Any CPU
		{352B9EB7-D2CB-409D-9AE9-7640A839AECC}.Release|Any CPU.ActiveCfg = Release|Any CPU
		{352B9EB7-D2CB-409D-9AE9-7640A839AECC}.Release|Any CPU.Build.0 = Release|Any CPU
	EndGlobalSection
	GlobalSection(SolutionProperties) = preSolution
		HideSolutionNode = FALSE
	EndGlobalSection
	GlobalSection(ExtensibilityGlobals) = postSolution
		SolutionGuid = {41B91EAD-83FD-48CB-97A7-3D45E0EB1344}
	EndGlobalSection
EndGlobal
